
Microsoft Visual Studio Solution File, Format Version 12.00
# Visual Studio Version 17
VisualStudioVersion = 17.0.31612.314
MinimumVisualStudioVersion = 10.0.40219.1
Project("{2150E333-8FDC-42A3-9474-1A3956D46DE8}") = "src", "src", "{83583E22-A235-421F-B69B-6D51076BA8B0}"
EndProject
Project("{2150E333-8FDC-42A3-9474-1A3956D46DE8}") = "test", "test", "{18AF4A04-98AC-4D70-88A1-2AC15EF21F22}"
EndProject
Project("{2150E333-8FDC-42A3-9474-1A3956D46DE8}") = "API", "API", "{666C926B-97D7-4BED-93E0-27296A6A462C}"
EndProject
Project("{2150E333-8FDC-42A3-9474-1A3956D46DE8}") = "Core", "Core", "{773DBB56-DF7C-4EBA-90B4-7344309D0309}"
EndProject
Project("{2150E333-8FDC-42A3-9474-1A3956D46DE8}") = "Infrastructure", "Infrastructure", "{E4A1EE60-85CB-4AD5-9124-38F35BA4EF56}"
EndProject
Project("{2150E333-8FDC-42A3-9474-1A3956D46DE8}") = "App", "App", "{60122763-B85A-4AC1-A15B-B2F503E93576}"
EndProject
Project("{9A19103F-16F7-4668-BE54-9A1E7A4F7556}") = "IoT.IncidentManagement.Domain", "IoT.IncidentManagement.Domain\IoT.IncidentManagement.Domain.csproj", "{B43707A6-DCE0-4FFA-BF86-B2C09F8E6579}"
EndProject
Project("{9A19103F-16F7-4668-BE54-9A1E7A4F7556}") = "IoT.IncidentManagement.Persistence", "IoT.IncidentManagement.Persistence\IoT.IncidentManagement.Persistence.csproj", "{4B9BF3D2-3B78-43EC-8EF9-D314C20DC634}"
EndProject
Project("{9A19103F-16F7-4668-BE54-9A1E7A4F7556}") = "IoT.IncidentManagement.Api", "IoT.IncidentManagement.Api\IoT.IncidentManagement.Api.csproj", "{AADA9F4A-0A32-47B8-B362-DBC3A751C887}"
EndProject
Project("{9A19103F-16F7-4668-BE54-9A1E7A4F7556}") = "IoT.IncidentManagement.Application", "IoT.IncidentManagement.Application\IoT.IncidentManagement.Application.csproj", "{091998A2-69A7-4209-9CF7-3B4393FEC974}"
EndProject
Project("{9A19103F-16F7-4668-BE54-9A1E7A4F7556}") = "IoT.IncidentManagement.Contstants", "IoT.IncidentManagement.Contstants\IoT.IncidentManagement.Contstants.csproj", "{56061FF5-7E73-40AA-8084-53FC86F0F6D1}"
EndProject
Project("{9A19103F-16F7-4668-BE54-9A1E7A4F7556}") = "IoT.IncidentManagement.Application.UnitTests", "IoT.IncidentManagement.Application.UnitTests\IoT.IncidentManagement.Application.UnitTests.csproj", "{32B189DB-0DFC-4E9F-958A-718A3292E32E}"
EndProject
Project("{9A19103F-16F7-4668-BE54-9A1E7A4F7556}") = "IoT.IncidentManagement.Api.IntegrationTests", "IoT.IncidentManagement.Api.IntegrationTests\IoT.IncidentManagement.Api.IntegrationTests.csproj", "{801ED42E-4346-4A89-A5C1-0E20E82123B1}"
EndProject
Project("{9A19103F-16F7-4668-BE54-9A1E7A4F7556}") = "IoT.IncidentManagement.Client", "IoT.IncidentManagement.Client\IoT.IncidentManagement.Client.csproj", "{01FA0D56-A7F8-4DE6-B906-3F6583C1945D}"
EndProject
Project("{9A19103F-16F7-4668-BE54-9A1E7A4F7556}") = "IoT.IncidentManagement.ClientApp", "IoT.IncidentManagement.ClientApp\IoT.IncidentManagement.ClientApp.csproj", "{6EF01A6B-E6CD-40EF-ACE0-BA57282DF007}"
EndProject
Project("{9A19103F-16F7-4668-BE54-9A1E7A4F7556}") = "IoT.IncidentManagement.ClientServices", "IoT.IncidentManagement.ClientServices\IoT.IncidentManagement.ClientServices.csproj", "{582DE8BF-C491-4EB4-B110-81B62C539102}"
EndProject
Project("{9A19103F-16F7-4668-BE54-9A1E7A4F7556}") = "IoT.IncidentManagement.ClientDomain", "IoT.IncidentManagement.ClientDomain\IoT.IncidentManagement.ClientDomain.csproj", "{28671540-24D0-40BF-9EE5-A321EA493731}"
EndProject
Project("{2150E333-8FDC-42A3-9474-1A3956D46DE8}") = "Core", "Core", "{9F5C808A-C1AC-4378-8ED1-BE2DB61B6050}"
EndProject
Project("{2150E333-8FDC-42A3-9474-1A3956D46DE8}") = "infrastructure", "infrastructure", "{FE50D362-7C38-43C3-B166-BDF4E238A21A}"
EndProject
Project("{9A19103F-16F7-4668-BE54-9A1E7A4F7556}") = "ClientTest", "ClientTest\ClientTest.csproj", "{280BBB15-8C84-4BD5-88DC-E0871550EE01}"
	ProjectSection(ProjectDependencies) = postProject
		{6EF01A6B-E6CD-40EF-ACE0-BA57282DF007} = {6EF01A6B-E6CD-40EF-ACE0-BA57282DF007}
		{582DE8BF-C491-4EB4-B110-81B62C539102} = {582DE8BF-C491-4EB4-B110-81B62C539102}
	EndProjectSection
EndProject
Project("{9A19103F-16F7-4668-BE54-9A1E7A4F7556}") = "IoT.IncidentManagement.NotificationStateService", "IoT.IncidentManagement.NotificationStateService\IoT.IncidentManagement.NotificationStateService.csproj", "{319BB130-68A6-493E-BC2F-D659F0BB67F9}"
EndProject
Project("{2150E333-8FDC-42A3-9474-1A3956D46DE8}") = "Web", "Web", "{96DFF1DA-BE8B-4DC8-B959-CB468D00B73A}"
EndProject
Global
	GlobalSection(SolutionConfigurationPlatforms) = preSolution
		Debug|Any CPU = Debug|Any CPU
		Release|Any CPU = Release|Any CPU
	EndGlobalSection
	GlobalSection(ProjectConfigurationPlatforms) = postSolution
		{B43707A6-DCE0-4FFA-BF86-B2C09F8E6579}.Debug|Any CPU.ActiveCfg = Debug|Any CPU
		{B43707A6-DCE0-4FFA-BF86-B2C09F8E6579}.Debug|Any CPU.Build.0 = Debug|Any CPU
		{B43707A6-DCE0-4FFA-BF86-B2C09F8E6579}.Release|Any CPU.ActiveCfg = Release|Any CPU
		{B43707A6-DCE0-4FFA-BF86-B2C09F8E6579}.Release|Any CPU.Build.0 = Release|Any CPU
		{4B9BF3D2-3B78-43EC-8EF9-D314C20DC634}.Debug|Any CPU.ActiveCfg = Debug|Any CPU
		{4B9BF3D2-3B78-43EC-8EF9-D314C20DC634}.Debug|Any CPU.Build.0 = Debug|Any CPU
		{4B9BF3D2-3B78-43EC-8EF9-D314C20DC634}.Release|Any CPU.ActiveCfg = Release|Any CPU
		{4B9BF3D2-3B78-43EC-8EF9-D314C20DC634}.Release|Any CPU.Build.0 = Release|Any CPU
		{AADA9F4A-0A32-47B8-B362-DBC3A751C887}.Debug|Any CPU.ActiveCfg = Debug|Any CPU
		{AADA9F4A-0A32-47B8-B362-DBC3A751C887}.Debug|Any CPU.Build.0 = Debug|Any CPU
		{AADA9F4A-0A32-47B8-B362-DBC3A751C887}.Release|Any CPU.ActiveCfg = Release|Any CPU
		{AADA9F4A-0A32-47B8-B362-DBC3A751C887}.Release|Any CPU.Build.0 = Release|Any CPU
		{091998A2-69A7-4209-9CF7-3B4393FEC974}.Debug|Any CPU.ActiveCfg = Debug|Any CPU
		{091998A2-69A7-4209-9CF7-3B4393FEC974}.Debug|Any CPU.Build.0 = Debug|Any CPU
		{091998A2-69A7-4209-9CF7-3B4393FEC974}.Release|Any CPU.ActiveCfg = Release|Any CPU
		{091998A2-69A7-4209-9CF7-3B4393FEC974}.Release|Any CPU.Build.0 = Release|Any CPU
		{56061FF5-7E73-40AA-8084-53FC86F0F6D1}.Debug|Any CPU.ActiveCfg = Debug|Any CPU
		{56061FF5-7E73-40AA-8084-53FC86F0F6D1}.Debug|Any CPU.Build.0 = Debug|Any CPU
		{56061FF5-7E73-40AA-8084-53FC86F0F6D1}.Release|Any CPU.ActiveCfg = Release|Any CPU
		{56061FF5-7E73-40AA-8084-53FC86F0F6D1}.Release|Any CPU.Build.0 = Release|Any CPU
		{32B189DB-0DFC-4E9F-958A-718A3292E32E}.Debug|Any CPU.ActiveCfg = Debug|Any CPU
		{32B189DB-0DFC-4E9F-958A-718A3292E32E}.Debug|Any CPU.Build.0 = Debug|Any CPU
		{32B189DB-0DFC-4E9F-958A-718A3292E32E}.Release|Any CPU.ActiveCfg = Release|Any CPU
		{32B189DB-0DFC-4E9F-958A-718A3292E32E}.Release|Any CPU.Build.0 = Release|Any CPU
		{801ED42E-4346-4A89-A5C1-0E20E82123B1}.Debug|Any CPU.ActiveCfg = Debug|Any CPU
		{801ED42E-4346-4A89-A5C1-0E20E82123B1}.Debug|Any CPU.Build.0 = Debug|Any CPU
		{801ED42E-4346-4A89-A5C1-0E20E82123B1}.Release|Any CPU.ActiveCfg = Release|Any CPU
		{801ED42E-4346-4A89-A5C1-0E20E82123B1}.Release|Any CPU.Build.0 = Release|Any CPU
		{01FA0D56-A7F8-4DE6-B906-3F6583C1945D}.Debug|Any CPU.ActiveCfg = Debug|Any CPU
		{01FA0D56-A7F8-4DE6-B906-3F6583C1945D}.Debug|Any CPU.Build.0 = Debug|Any CPU
		{01FA0D56-A7F8-4DE6-B906-3F6583C1945D}.Release|Any CPU.ActiveCfg = Release|Any CPU
		{01FA0D56-A7F8-4DE6-B906-3F6583C1945D}.Release|Any CPU.Build.0 = Release|Any CPU
		{6EF01A6B-E6CD-40EF-ACE0-BA57282DF007}.Debug|Any CPU.ActiveCfg = Debug|Any CPU
		{6EF01A6B-E6CD-40EF-ACE0-BA57282DF007}.Debug|Any CPU.Build.0 = Debug|Any CPU
		{6EF01A6B-E6CD-40EF-ACE0-BA57282DF007}.Release|Any CPU.ActiveCfg = Release|Any CPU
		{6EF01A6B-E6CD-40EF-ACE0-BA57282DF007}.Release|Any CPU.Build.0 = Release|Any CPU
		{582DE8BF-C491-4EB4-B110-81B62C539102}.Debug|Any CPU.ActiveCfg = Debug|Any CPU
		{582DE8BF-C491-4EB4-B110-81B62C539102}.Debug|Any CPU.Build.0 = Debug|Any CPU
		{582DE8BF-C491-4EB4-B110-81B62C539102}.Release|Any CPU.ActiveCfg = Release|Any CPU
		{582DE8BF-C491-4EB4-B110-81B62C539102}.Release|Any CPU.Build.0 = Release|Any CPU
		{28671540-24D0-40BF-9EE5-A321EA493731}.Debug|Any CPU.ActiveCfg = Debug|Any CPU
		{28671540-24D0-40BF-9EE5-A321EA493731}.Debug|Any CPU.Build.0 = Debug|Any CPU
		{28671540-24D0-40BF-9EE5-A321EA493731}.Release|Any CPU.ActiveCfg = Release|Any CPU
		{28671540-24D0-40BF-9EE5-A321EA493731}.Release|Any CPU.Build.0 = Release|Any CPU
		{280BBB15-8C84-4BD5-88DC-E0871550EE01}.Debug|Any CPU.ActiveCfg = Debug|Any CPU
		{280BBB15-8C84-4BD5-88DC-E0871550EE01}.Debug|Any CPU.Build.0 = Debug|Any CPU
		{280BBB15-8C84-4BD5-88DC-E0871550EE01}.Release|Any CPU.ActiveCfg = Release|Any CPU
		{280BBB15-8C84-4BD5-88DC-E0871550EE01}.Release|Any CPU.Build.0 = Release|Any CPU
		{319BB130-68A6-493E-BC2F-D659F0BB67F9}.Debug|Any CPU.ActiveCfg = Debug|Any CPU
		{319BB130-68A6-493E-BC2F-D659F0BB67F9}.Debug|Any CPU.Build.0 = Debug|Any CPU
		{319BB130-68A6-493E-BC2F-D659F0BB67F9}.Release|Any CPU.ActiveCfg = Release|Any CPU
		{319BB130-68A6-493E-BC2F-D659F0BB67F9}.Release|Any CPU.Build.0 = Release|Any CPU
	EndGlobalSection
	GlobalSection(SolutionProperties) = preSolution
		HideSolutionNode = FALSE
	EndGlobalSection
	GlobalSection(NestedProjects) = preSolution
		{666C926B-97D7-4BED-93E0-27296A6A462C} = {83583E22-A235-421F-B69B-6D51076BA8B0}
		{773DBB56-DF7C-4EBA-90B4-7344309D0309} = {83583E22-A235-421F-B69B-6D51076BA8B0}
		{E4A1EE60-85CB-4AD5-9124-38F35BA4EF56} = {83583E22-A235-421F-B69B-6D51076BA8B0}
		{60122763-B85A-4AC1-A15B-B2F503E93576} = {96DFF1DA-BE8B-4DC8-B959-CB468D00B73A}
		{B43707A6-DCE0-4FFA-BF86-B2C09F8E6579} = {773DBB56-DF7C-4EBA-90B4-7344309D0309}
		{4B9BF3D2-3B78-43EC-8EF9-D314C20DC634} = {E4A1EE60-85CB-4AD5-9124-38F35BA4EF56}
		{AADA9F4A-0A32-47B8-B362-DBC3A751C887} = {666C926B-97D7-4BED-93E0-27296A6A462C}
		{091998A2-69A7-4209-9CF7-3B4393FEC974} = {773DBB56-DF7C-4EBA-90B4-7344309D0309}
		{56061FF5-7E73-40AA-8084-53FC86F0F6D1} = {773DBB56-DF7C-4EBA-90B4-7344309D0309}
		{32B189DB-0DFC-4E9F-958A-718A3292E32E} = {18AF4A04-98AC-4D70-88A1-2AC15EF21F22}
		{801ED42E-4346-4A89-A5C1-0E20E82123B1} = {18AF4A04-98AC-4D70-88A1-2AC15EF21F22}
		{01FA0D56-A7F8-4DE6-B906-3F6583C1945D} = {60122763-B85A-4AC1-A15B-B2F503E93576}
		{6EF01A6B-E6CD-40EF-ACE0-BA57282DF007} = {9F5C808A-C1AC-4378-8ED1-BE2DB61B6050}
		{582DE8BF-C491-4EB4-B110-81B62C539102} = {FE50D362-7C38-43C3-B166-BDF4E238A21A}
		{28671540-24D0-40BF-9EE5-A321EA493731} = {9F5C808A-C1AC-4378-8ED1-BE2DB61B6050}
		{9F5C808A-C1AC-4378-8ED1-BE2DB61B6050} = {96DFF1DA-BE8B-4DC8-B959-CB468D00B73A}
		{FE50D362-7C38-43C3-B166-BDF4E238A21A} = {96DFF1DA-BE8B-4DC8-B959-CB468D00B73A}
		{280BBB15-8C84-4BD5-88DC-E0871550EE01} = {60122763-B85A-4AC1-A15B-B2F503E93576}
		{319BB130-68A6-493E-BC2F-D659F0BB67F9} = {FE50D362-7C38-43C3-B166-BDF4E238A21A}
		{96DFF1DA-BE8B-4DC8-B959-CB468D00B73A} = {83583E22-A235-421F-B69B-6D51076BA8B0}
	EndGlobalSection
	GlobalSection(ExtensibilityGlobals) = postSolution
		SolutionGuid = {099B6612-3A59-4F67-983D-C8448B8CBB41}
	EndGlobalSection
EndGlobal
